
Microsoft Visual Studio Solution File, Format Version 12.00
# Visual Studio Version 17
VisualStudioVersion = 17.0.31903.59
MinimumVisualStudioVersion = 10.0.40219.1
Project("{2150E333-8FDC-42A3-9474-1A3956D46DE8}") = "src", "src", "{B919EB7A-ED0D-413A-AD69-16CAE2B2CAFB}"
EndProject
Project("{FAE04EC0-301F-11D3-BF4B-00C04F79EFBC}") = "AuctionService", "src\AuctionService\AuctionService.csproj", "{3DA470C5-A28E-462A-9BE2-54B0F58A483E}"
EndProject
Global
	GlobalSection(SolutionConfigurationPlatforms) = preSolution
		Debug|Any CPU = Debug|Any CPU
		Release|Any CPU = Release|Any CPU
	EndGlobalSection
	GlobalSection(SolutionProperties) = preSolution
		HideSolutionNode = FALSE
	EndGlobalSection
	GlobalSection(ProjectConfigurationPlatforms) = postSolution
		{3DA470C5-A28E-462A-9BE2-54B0F58A483E}.Debug|Any CPU.ActiveCfg = Debug|Any CPU
		{3DA470C5-A28E-462A-9BE2-54B0F58A483E}.Debug|Any CPU.Build.0 = Debug|Any CPU
		{3DA470C5-A28E-462A-9BE2-54B0F58A483E}.Release|Any CPU.ActiveCfg = Release|Any CPU
		{3DA470C5-A28E-462A-9BE2-54B0F58A483E}.Release|Any CPU.Build.0 = Release|Any CPU
	EndGlobalSection
	GlobalSection(NestedProjects) = preSolution
		{3DA470C5-A28E-462A-9BE2-54B0F58A483E} = {B919EB7A-ED0D-413A-AD69-16CAE2B2CAFB}
	EndGlobalSection
EndGlobal
